// !$*UTF8*$!
{
	archiveVersion = 1;
	classes = {
	};
	objectVersion = 46;
	objects = {

/* Begin PBXBuildFile section */
		CBA1962D1F3C2A77001FBB08 /* AppDelegate.swift in Sources */ = {isa = PBXBuildFile; fileRef = CBA1962C1F3C2A77001FBB08 /* AppDelegate.swift */; };
		CBA1962F1F3C2A77001FBB08 /* ViewController.swift in Sources */ = {isa = PBXBuildFile; fileRef = CBA1962E1F3C2A77001FBB08 /* ViewController.swift */; };
		CBA196321F3C2A77001FBB08 /* Main.storyboard in Resources */ = {isa = PBXBuildFile; fileRef = CBA196301F3C2A77001FBB08 /* Main.storyboard */; };
		CBA196341F3C2A77001FBB08 /* Assets.xcassets in Resources */ = {isa = PBXBuildFile; fileRef = CBA196331F3C2A77001FBB08 /* Assets.xcassets */; };
		CBA196371F3C2A77001FBB08 /* LaunchScreen.storyboard in Resources */ = {isa = PBXBuildFile; fileRef = CBA196351F3C2A77001FBB08 /* LaunchScreen.storyboard */; };
		CBA1963F1F3C328A001FBB08 /* daohanglan_touming@2x.png in Resources */ = {isa = PBXBuildFile; fileRef = CBA1963E1F3C328A001FBB08 /* daohanglan_touming@2x.png */; };
/* End PBXBuildFile section */

/* Begin PBXFileReference section */
		CBA196291F3C2A77001FBB08 /* swift-UITextField.app */ = {isa = PBXFileReference; explicitFileType = wrapper.application; includeInIndex = 0; path = "swift-UITextField.app"; sourceTree = BUILT_PRODUCTS_DIR; };
		CBA1962C1F3C2A77001FBB08 /* AppDelegate.swift */ = {isa = PBXFileReference; lastKnownFileType = sourcecode.swift; path = AppDelegate.swift; sourceTree = "<group>"; };
		CBA1962E1F3C2A77001FBB08 /* ViewController.swift */ = {isa = PBXFileReference; lastKnownFileType = sourcecode.swift; path = ViewController.swift; sourceTree = "<group>"; };
		CBA196311F3C2A77001FBB08 /* Base */ = {isa = PBXFileReference; lastKnownFileType = file.storyboard; name = Base; path = Base.lproj/Main.storyboard; sourceTree = "<group>"; };
		CBA196331F3C2A77001FBB08 /* Assets.xcassets */ = {isa = PBXFileReference; lastKnownFileType = folder.assetcatalog; path = Assets.xcassets; sourceTree = "<group>"; };
		CBA196361F3C2A77001FBB08 /* Base */ = {isa = PBXFileReference; lastKnownFileType = file.storyboard; name = Base; path = Base.lproj/LaunchScreen.storyboard; sourceTree = "<group>"; };
		CBA196381F3C2A77001FBB08 /* Info.plist */ = {isa = PBXFileReference; lastKnownFileType = text.plist.xml; path = Info.plist; sourceTree = "<group>"; };
		CBA1963E1F3C328A001FBB08 /* daohanglan_touming@2x.png */ = {isa = PBXFileReference; lastKnownFileType = image.png; path = "daohanglan_touming@2x.png"; sourceTree = "<group>"; };
/* End PBXFileReference section */

/* Begin PBXFrameworksBuildPhase section */
		CBA196261F3C2A77001FBB08 /* Frameworks */ = {
			isa = PBXFrameworksBuildPhase;
			buildActionMask = 2147483647;
			files = (
			);
			runOnlyForDeploymentPostprocessing = 0;
		};
/* End PBXFrameworksBuildPhase section */

/* Begin PBXGroup section */
		CBA196201F3C2A77001FBB08 = {
			isa = PBXGroup;
			children = (
				CBA1962B1F3C2A77001FBB08 /* swift-UITextField */,
				CBA1962A1F3C2A77001FBB08 /* Products */,
			);
			sourceTree = "<group>";
		};
		CBA1962A1F3C2A77001FBB08 /* Products */ = {
			isa = PBXGroup;
			children = (
				CBA196291F3C2A77001FBB08 /* swift-UITextField.app */,
			);
			name = Products;
			sourceTree = "<group>";
		};
		CBA1962B1F3C2A77001FBB08 /* swift-UITextField */ = {
			isa = PBXGroup;
			children = (
				CBA1962C1F3C2A77001FBB08 /* AppDelegate.swift */,
				CBA1962E1F3C2A77001FBB08 /* ViewController.swift */,
				CBA1963E1F3C328A001FBB08 /* daohanglan_touming@2x.png */,
				CBA196301F3C2A77001FBB08 /* Main.storyboard */,
				CBA196331F3C2A77001FBB08 /* Assets.xcassets */,
				CBA196351F3C2A77001FBB08 /* LaunchScreen.storyboard */,
				CBA196381F3C2A77001FBB08 /* Info.plist */,
			);
			path = "swift-UITextField";
			sourceTree = "<group>";
		};
/* End PBXGroup section */

/* Begin PBXNativeTarget section */
		CBA196281F3C2A77001FBB08 /* swift-UITextField */ = {
			isa = PBXNativeTarget;
			buildConfigurationList = CBA1963B1F3C2A77001FBB08 /* Build configuration list for PBXNativeTarget "swift-UITextField" */;
			buildPhases = (
				CBA196251F3C2A77001FBB08 /* Sources */,
				CBA196261F3C2A77001FBB08 /* Frameworks */,
				CBA196271F3C2A77001FBB08 /* Resources */,
			);
			buildRules = (
			);
			dependencies = (
			);
			name = "swift-UITextField";
			productName = "swift-UITextField";
			productReference = CBA196291F3C2A77001FBB08 /* swift-UITextField.app */;
			productType = "com.apple.product-type.application";
		};
/* End PBXNativeTarget section */

/* Begin PBXProject section */
		CBA196211F3C2A77001FBB08 /* Project object */ = {
			isa = PBXProject;
			attributes = {
				LastSwiftUpdateCheck = 0830;
				LastUpgradeCheck = 0830;
				ORGANIZATIONNAME = jixiang;
				TargetAttributes = {
					CBA196281F3C2A77001FBB08 = {
						CreatedOnToolsVersion = 8.3.3;
						ProvisioningStyle = Automatic;
					};
				};
			};
			buildConfigurationList = CBA196241F3C2A77001FBB08 /* Build configuration list for PBXProject "swift-UITextField" */;
			compatibilityVersion = "Xcode 3.2";
			developmentRegion = English;
			hasScannedForEncodings = 0;
			knownRegions = (
				en,
				Base,
			);
			mainGroup = CBA196201F3C2A77001FBB08;
			productRefGroup = CBA1962A1F3C2A77001FBB08 /* Products */;
			projectDirPath = "";
			projectRoot = "";
			targets = (
				CBA196281F3C2A77001FBB08 /* swift-UITextField */,
			);
		};
/* End PBXProject section */

/* Begin PBXResourcesBuildPhase section */
		CBA196271F3C2A77001FBB08 /* Resources */ = {
			isa = PBXResourcesBuildPhase;
			buildActionMask = 2147483647;
			files = (
				CBA196371F3C2A77001FBB08 /* LaunchScreen.storyboard in Resources */,
				CBA1963F1F3C328A001FBB08 /* daohanglan_touming@2x.png in Resources */,
				CBA196341F3C2A77001FBB08 /* Assets.xcassets in Resources */,
				CBA196321F3C2A77001FBB08 /* Main.storyboard in Resources */,
			);
			runOnlyForDeploymentPostprocessing = 0;
		};
/* End PBXResourcesBuildPhase section */

/* Begin PBXSourcesBuildPhase section */
		CBA196251F3C2A77001FBB08 /* Sources */ = {
			isa = PBXSourcesBuildPhase;
			buildActionMask = 2147483647;
			files = (
				CBA1962F1F3C2A77001FBB08 /* ViewController.swift in Sources */,
				CBA1962D1F3C2A77001FBB08 /* AppDelegate.swift in Sources */,
			);
			runOnlyForDeploymentPostprocessing = 0;
		};
/* End PBXSourcesBuildPhase section */

/* Begin PBXVariantGroup section */
		CBA196301F3C2A77001FBB08 /* Main.storyboard */ = {
			isa = PBXVariantGroup;
			children = (
				CBA196311F3C2A77001FBB08 /* Base */,
			);
			name = Main.storyboard;
			sourceTree = "<group>";
		};
		CBA196351F3C2A77001FBB08 /* LaunchScreen.storyboard */ = {
			isa = PBXVariantGroup;
			children = (
				CBA196361F3C2A77001FBB08 /* Base */,
			);
			name = LaunchScreen.storyboard;
			sourceTree = "<group>";
		};
/* End PBXVariantGroup section */

/* Begin XCBuildConfiguration section */
		CBA196391F3C2A77001FBB08 /* Debug */ = {
			isa = XCBuildConfiguration;
			buildSettings = {
				ALWAYS_SEARCH_USER_PATHS = NO;
				CLANG_ANALYZER_NONNULL = YES;
				CLANG_ANALYZER_NUMBER_OBJECT_CONVERSION = YES_AGGRESSIVE;
				CLANG_CXX_LANGUAGE_STANDARD = "gnu++0x";
				CLANG_CXX_LIBRARY = "libc++";
				CLANG_ENABLE_MODULES = YES;
				CLANG_ENABLE_OBJC_ARC = YES;
				CLANG_WARN_BOOL_CONVERSION = YES;
				CLANG_WARN_CONSTANT_CONVERSION = YES;
				CLANG_WARN_DIRECT_OBJC_ISA_USAGE = YES_ERROR;
				CLANG_WARN_DOCUMENTATION_COMMENTS = YES;
				CLANG_WARN_EMPTY_BODY = YES;
				CLANG_WARN_ENUM_CONVERSION = YES;
				CLANG_WARN_INFINITE_RECURSION = YES;
				CLANG_WARN_INT_CONVERSION = YES;
				CLANG_WARN_OBJC_ROOT_CLASS = YES_ERROR;
				CLANG_WARN_SUSPICIOUS_MOVE = YES;
				CLANG_WARN_UNREACHABLE_CODE = YES;
				CLANG_WARN__DUPLICATE_METHOD_MATCH = YES;
				"CODE_SIGN_IDENTITY[sdk=iphoneos*]" = "iPhone Developer";
				COPY_PHASE_STRIP = NO;
				DEBUG_INFORMATION_FORMAT = dwarf;
				ENABLE_STRICT_OBJC_MSGSEND = YES;
				ENABLE_TESTABILITY = YES;
				GCC_C_LANGUAGE_STANDARD = gnu99;
				GCC_DYNAMIC_NO_PIC = NO;
				GCC_NO_COMMON_BLOCKS = YES;
				GCC_OPTIMIZATION_LEVEL = 0;
				GCC_PREPROCESSOR_DEFINITIONS = (
					"DEBUG=1",
					"$(inherited)",
				);
				GCC_WARN_64_TO_32_BIT_CONVERSION = YES;
				GCC_WARN_ABOUT_RETURN_TYPE = YES_ERROR;
				GCC_WARN_UNDECLARED_SELECTOR = YES;
				GCC_WARN_UNINITIALIZED_AUTOS = YES_AGGRESSIVE;
				GCC_WARN_UNUSED_FUNCTION = YES;
				GCC_WARN_UNUSED_VARIABLE = YES;
				IPHONEOS_DEPLOYMENT_TARGET = 10.3;
				MTL_ENABLE_DEBUG_INFO = YES;
				ONLY_ACTIVE_ARCH = YES;
				SDKROOT = iphoneos;
				SWIFT_ACTIVE_COMPILATION_CONDITIONS = DEBUG;
				SWIFT_OPTIMIZATION_LEVEL = "-Onone";
				TARGETED_DEVICE_FAMILY = "1,2";
			};
			name = Debug;
		};
		CBA1963A1F3C2A77001FBB08 /* Release */ = {
			isa = XCBuildConfiguration;
			buildSettings = {
				ALWAYS_SEARCH_USER_PATHS = NO;
				CLANG_ANALYZER_NONNULL = YES;
				CLANG_ANALYZER_NUMBER_OBJECT_CONVERSION = YES_AGGRESSIVE;
				CLANG_CXX_LANGUAGE_STANDARD = "gnu++0x";
				CLANG_CXX_LIBRARY = "libc++";
				CLANG_ENABLE_MODULES = YES;
				CLANG_ENABLE_OBJC_ARC = YES;
				CLANG_WARN_BOOL_CONVERSION = YES;
				CLANG_WARN_CONSTANT_CONVERSION = YES;
				CLANG_WARN_DIRECT_OBJC_ISA_USAGE = YES_ERROR;
				CLANG_WARN_DOCUMENTATION_COMMENTS = YES;
				CLANG_WARN_EMPTY_BODY = YES;
				CLANG_WARN_ENUM_CONVERSION = YES;
				CLANG_WARN_INFINITE_RECURSION = YES;
				CLANG_WARN_INT_CONVERSION = YES;
				CLANG_WARN_OBJC_ROOT_CLASS = YES_ERROR;
				CLANG_WARN_SUSPICIOUS_MOVE = YES;
				CLANG_WARN_UNREACHABLE_CODE = YES;
				CLANG_WARN__DUPLICATE_METHOD_MATCH = YES;
				"CODE_SIGN_IDENTITY[sdk=iphoneos*]" = "iPhone Developer";
				COPY_PHASE_STRIP = NO;
				DEBUG_INFORMATION_FORMAT = "dwarf-with-dsym";
				ENABLE_NS_ASSERTIONS = NO;
				ENABLE_STRICT_OBJC_MSGSEND = YES;
				GCC_C_LANGUAGE_STANDARD = gnu99;
				GCC_NO_COMMON_BLOCKS = YES;
				GCC_WARN_64_TO_32_BIT_CONVERSION = YES;
				GCC_WARN_ABOUT_RETURN_TYPE = YES_ERROR;
				GCC_WARN_UNDECLARED_SELECTOR = YES;
				GCC_WARN_UNINITIALIZED_AUTOS = YES_AGGRESSIVE;
				GCC_WARN_UNUSED_FUNCTION = YES;
				GCC_WARN_UNUSED_VARIABLE = YES;
				IPHONEOS_DEPLOYMENT_TARGET = 10.3;
				MTL_ENABLE_DEBUG_INFO = NO;
				SDKROOT = iphoneos;
				SWIFT_OPTIMIZATION_LEVEL = "-Owholemodule";
				TARGETED_DEVICE_FAMILY = "1,2";
				VALIDATE_PRODUCT = YES;
			};
			name = Release;
		};
		CBA1963C1F3C2A77001FBB08 /* Debug */ = {
			isa = XCBuildConfiguration;
			buildSettings = {
				ASSETCATALOG_COMPILER_APPICON_NAME = AppIcon;
				INFOPLIST_FILE = "swift-UITextField/Info.plist";
				LD_RUNPATH_SEARCH_PATHS = "$(inherited) @executable_path/Frameworks";
				PRODUCT_BUNDLE_IDENTIFIER = "com.jixinagruyi.swift-UITextField";
				PRODUCT_NAME = "$(TARGET_NAME)";
				SWIFT_VERSION = 3.0;
			};
			name = Debug;
		};
		CBA1963D1F3C2A77001FBB08 /* Release */ = {
			isa = XCBuildConfiguration;
			buildSettings = {
				ASSETCATALOG_COMPILER_APPICON_NAME = AppIcon;
				INFOPLIST_FILE = "swift-UITextField/Info.plist";
				LD_RUNPATH_SEARCH_PATHS = "$(inherited) @executable_path/Frameworks";
				PRODUCT_BUNDLE_IDENTIFIER = "com.jixinagruyi.swift-UITextField";
				PRODUCT_NAME = "$(TARGET_NAME)";
				SWIFT_VERSION = 3.0;
			};
			name = Release;
		};
/* End XCBuildConfiguration section */

/* Begin XCConfigurationList section */
		CBA196241F3C2A77001FBB08 /* Build configuration list for PBXProject "swift-UITextField" */ = {
			isa = XCConfigurationList;
			buildConfigurations = (
				CBA196391F3C2A77001FBB08 /* Debug */,
				CBA1963A1F3C2A77001FBB08 /* Release */,
			);
			defaultConfigurationIsVisible = 0;
			defaultConfigurationName = Release;
		};
		CBA1963B1F3C2A77001FBB08 /* Build configuration list for PBXNativeTarget "swift-UITextField" */ = {
			isa = XCConfigurationList;
			buildConfigurations = (
				CBA1963C1F3C2A77001FBB08 /* Debug */,
				CBA1963D1F3C2A77001FBB08 /* Release */,
			);
			defaultConfigurationIsVisible = 0;
		};
/* End XCConfigurationList section */
	};
	rootObject = CBA196211F3C2A77001FBB08 /* Project object */;
}
